Microsoft Visual Studio Solution File, Format Version 12.00
# Visual Studio Version 17
VisualStudioVersion = 17.5.2.0
MinimumVisualStudioVersion = 10.0.40219.1
Project("{FAE04EC0-301F-11D3-BF4B-00C04F79EFBC}") = "CheckChikenRecord", "CheckChikenRecord.csproj", "{AB711098-E302-9DF7-3ABE-AB482516AEE3}"
EndProject
Global
	GlobalSection(SolutionConfigurationPlatforms) = preSolution
		Debug|Any CPU = Debug|Any CPU
		Release|Any CPU = Release|Any CPU
	EndGlobalSection
	GlobalSection(ProjectConfigurationPlatforms) = postSolution
		{AB711098-E302-9DF7-3ABE-AB482516AEE3}.Debug|Any CPU.ActiveCfg = Debug|Any CPU
		{AB711098-E302-9DF7-3ABE-AB482516AEE3}.Debug|Any CPU.Build.0 = Debug|Any CPU
		{AB711098-E302-9DF7-3ABE-AB482516AEE3}.Release|Any CPU.ActiveCfg = Release|Any CPU
		{AB711098-E302-9DF7-3ABE-AB482516AEE3}.Release|Any CPU.Build.0 = Release|Any CPU
	EndGlobalSection
	GlobalSection(SolutionProperties) = preSolution
		HideSolutionNode = FALSE
	EndGlobalSection
	GlobalSection(ExtensibilityGlobals) = postSolution
		SolutionGuid = {7216C8EA-F14A-41A8-BBAA-B5F61B4B8676}
	EndGlobalSection
EndGlobal
